{
    "_readme": [
        "This file locks the dependencies of your project to a known state",
        "Read more about it at http://getcomposer.org/doc/01-basic-usage.md#composer-lock-the-lock-file",
        "This file is @generated automatically"
    ],
    "hash": "dd47f046a29fa1314d5fd093f0922b76",
    "packages": [
        {
            "name": "sabre/event",
            "version": "1.0.0",
            "source": {
                "type": "git",
                "url": "https://github.com/fruux/sabre-event.git",
                "reference": "14f284eede050859e72ac41064df0eac25327190"
            },
            "dist": {
                "type": "zip",
                "url": "https://api.github.com/repos/fruux/sabre-event/zipball/14f284eede050859e72ac41064df0eac25327190",
                "reference": "14f284eede050859e72ac41064df0eac25327190",
                "shasum": ""
            },
            "require": {
                "php": ">=5.4.1"
            },
            "type": "library",
            "autoload": {
                "psr-0": {
                    "Sabre\\Event": "lib/"
                }
            },
            "notification-url": "https://packagist.org/downloads/",
            "license": [
                "BSD-3-Clause"
            ],
            "authors": [
                {
                    "name": "Evert Pot",
                    "email": "me@evertpot.com",
                    "homepage": "http://evertpot.com/",
                    "role": "Developer"
                }
            ],
            "description": "The sabre/event library provides utilities for lightweight event-based programming",
            "homepage": "https://github.com/fruux/sabre-event",
            "keywords": [
                "events"
            ],
            "time": "2013-07-19 12:46:56"
        },
        {
            "name": "segmentio/analytics-php",
            "version": "1.0.0",
            "source": {
                "type": "git",
                "url": "https://github.com/segmentio/analytics-php.git",
                "reference": "e464eaf090d799b0e71af65ea2465a0f89f37c41"
            },
            "dist": {
                "type": "zip",
                "url": "https://api.github.com/repos/segmentio/analytics-php/zipball/e464eaf090d799b0e71af65ea2465a0f89f37c41",
                "reference": "e464eaf090d799b0e71af65ea2465a0f89f37c41",
                "shasum": ""
            },
            "require": {
                "php": ">=5.3"
            },
            "require-dev": {
                "phpunit/phpunit": "3.7.*"
            },
            "type": "library",
            "autoload": {
                "files": [
                    "lib/Segment.php"
                ]
            },
            "notification-url": "https://packagist.org/downloads/",
            "license": [
                "MIT"
            ],
            "authors": [
                {
                    "name": "Segment.io <friends@segment.io>",
                    "homepage": "https://segment.io/"
                }
            ],
            "description": "Segmentio Analytics PHP Library",
            "homepage": "https://segment.io/libraries/php",
            "keywords": [
                "analytics",
                "analytics.js",
                "segmentio"
            ],
            "time": "2014-06-17 00:44:55"
        },
        {
            "name": "userapp/userapp",
            "version": "1.0.1",
            "source": {
                "type": "git",
                "url": "https://github.com/userapp-io/userapp-php.git",
                "reference": "6a7a5cc0da40020fa48e9bed8fbb60b28905db99"
            },
            "dist": {
                "type": "zip",
                "url": "https://api.github.com/repos/userapp-io/userapp-php/zipball/6a7a5cc0da40020fa48e9bed8fbb60b28905db99",
                "reference": "6a7a5cc0da40020fa48e9bed8fbb60b28905db99",
                "shasum": ""
            },
            "require": {
                "php": ">=5.3.2",
                "sabre/event": "1.0.0"
            },
            "type": "library",
            "autoload": {
                "psr-0": {
                    "UserApp\\": "lib/"
                }
            },
            "notification-url": "https://packagist.org/downloads/",
            "license": [
                "MIT"
            ],
            "authors": [
                {
                    "name": "Robin Orheden",
                    "email": "robin.orheden@userapp.io",
                    "homepage": "https://www.userapp.io/"
                }
            ],
            "description": "PHP client library for UserApp.",
            "homepage": "http://github.com/userapp-io/userapp-php",
            "keywords": [
                "User management",
                "user authentication"
            ],
            "time": "2014-07-09 16:07:12"
        },
        {
            "name": "userapp/widget",
            "version": "0.6.1",
            "source": {
                "type": "git",
                "url": "https://github.com/userapp-io/userapp-php-widget.git",
                "reference": "6ae42534568bb8502cca028b8786e68e9ce771af"
            },
            "dist": {
                "type": "zip",
                "url": "https://api.github.com/repos/userapp-io/userapp-php-widget/zipball/6ae42534568bb8502cca028b8786e68e9ce771af",
                "reference": "6ae42534568bb8502cca028b8786e68e9ce771af",
                "shasum": ""
            },
            "require": {
                "userapp/userapp": "~1.0.0"
            },
            "type": "library",
            "autoload": {
                "psr-0": {
                    "UserApp\\Widget\\": "lib/"
                }
            },
            "notification-url": "https://packagist.org/downloads/",
            "license": [
                "MIT"
            ],
            "authors": [
                {
                    "name": "Robin Orheden",
                    "email": "robin.orheden@userapp.io",
                    "homepage": "https://www.userapp.io/"
                }
            ],
            "description": "PHP user widget for UserApp.",
            "homepage": "http://github.com/userapp-io/userapp-php-widget",
            "keywords": [
                "User management",
                "user authentication",
                "user helper"
            ],
            "time": "2014-07-09 16:06:34"
        }
    ],
    "packages-dev": [],
    "aliases": [],
    "minimum-stability": "stable",
    "stability-flags": [],
    "platform": [],
    "platform-dev": []
}
